// !$*UTF8*$!
{
	archiveVersion = 1;
	classes = {
	};
	objectVersion = 50;
	objects = {

/* Begin PBXBuildFile section */
		4B474AFD21C26DE00042CEAF /* MemeCollectionViewCell.swift in Sources */ = {isa = PBXBuildFile; fileRef = 4B474AFC21C26DE00042CEAF /* MemeCollectionViewCell.swift */; };
		4B5B048921BB7D3700803CD5 /* MemeTableViewController.swift in Sources */ = {isa = PBXBuildFile; fileRef = 4B5B048821BB7D3700803CD5 /* MemeTableViewController.swift */; };
		4B5B048B21BB7DC100803CD5 /* MemeCollectionViewController.swift in Sources */ = {isa = PBXBuildFile; fileRef = 4B5B048A21BB7DC100803CD5 /* MemeCollectionViewController.swift */; };
		4B5B049121C264E100803CD5 /* MemeTableViewCell.swift in Sources */ = {isa = PBXBuildFile; fileRef = 4B5B049021C264E100803CD5 /* MemeTableViewCell.swift */; };
		4B7C640721D0C0870081943F /* MemeDetailViewController.swift in Sources */ = {isa = PBXBuildFile; fileRef = 4B7C640621D0C0870081943F /* MemeDetailViewController.swift */; };
		4BA2B8E621A71135004D8882 /* AppDelegate.swift in Sources */ = {isa = PBXBuildFile; fileRef = 4BA2B8E521A71135004D8882 /* AppDelegate.swift */; };
		4BA2B8E821A71135004D8882 /* MemeEditorViewController.swift in Sources */ = {isa = PBXBuildFile; fileRef = 4BA2B8E721A71135004D8882 /* MemeEditorViewController.swift */; };
		4BA2B8EB21A71135004D8882 /* Main.storyboard in Resources */ = {isa = PBXBuildFile; fileRef = 4BA2B8E921A71135004D8882 /* Main.storyboard */; };
		4BA2B8ED21A71138004D8882 /* Assets.xcassets in Resources */ = {isa = PBXBuildFile; fileRef = 4BA2B8EC21A71138004D8882 /* Assets.xcassets */; };
		4BA2B8F021A71138004D8882 /* LaunchScreen.storyboard in Resources */ = {isa = PBXBuildFile; fileRef = 4BA2B8EE21A71138004D8882 /* LaunchScreen.storyboard */; };
		4BA2B8F821A8B7EF004D8882 /* MemeMeStruct.swift in Sources */ = {isa = PBXBuildFile; fileRef = 4BA2B8F721A8B7EF004D8882 /* MemeMeStruct.swift */; };
/* End PBXBuildFile section */

/* Begin PBXFileReference section */
		4B474AFC21C26DE00042CEAF /* MemeCollectionViewCell.swift */ = {isa = PBXFileReference; fileEncoding = 4; lastKnownFileType = sourcecode.swift; path = MemeCollectionViewCell.swift; sourceTree = "<group>"; };
		4B5B048821BB7D3700803CD5 /* MemeTableViewController.swift */ = {isa = PBXFileReference; lastKnownFileType = sourcecode.swift; path = MemeTableViewController.swift; sourceTree = "<group>"; };
		4B5B048A21BB7DC100803CD5 /* MemeCollectionViewController.swift */ = {isa = PBXFileReference; lastKnownFileType = sourcecode.swift; path = MemeCollectionViewController.swift; sourceTree = "<group>"; };
		4B5B049021C264E100803CD5 /* MemeTableViewCell.swift */ = {isa = PBXFileReference; lastKnownFileType = sourcecode.swift; path = MemeTableViewCell.swift; sourceTree = "<group>"; };
		4B7C640621D0C0870081943F /* MemeDetailViewController.swift */ = {isa = PBXFileReference; lastKnownFileType = sourcecode.swift; path = MemeDetailViewController.swift; sourceTree = "<group>"; };
		4BA2B8E221A71135004D8882 /* MemeMe.app */ = {isa = PBXFileReference; explicitFileType = wrapper.application; includeInIndex = 0; path = MemeMe.app; sourceTree = BUILT_PRODUCTS_DIR; };
		4BA2B8E521A71135004D8882 /* AppDelegate.swift */ = {isa = PBXFileReference; lastKnownFileType = sourcecode.swift; path = AppDelegate.swift; sourceTree = "<group>"; };
		4BA2B8E721A71135004D8882 /* MemeEditorViewController.swift */ = {isa = PBXFileReference; lastKnownFileType = sourcecode.swift; path = MemeEditorViewController.swift; sourceTree = "<group>"; };
		4BA2B8EA21A71135004D8882 /* Base */ = {isa = PBXFileReference; lastKnownFileType = file.storyboard; name = Base; path = Base.lproj/Main.storyboard; sourceTree = "<group>"; };
		4BA2B8EC21A71138004D8882 /* Assets.xcassets */ = {isa = PBXFileReference; lastKnownFileType = folder.assetcatalog; path = Assets.xcassets; sourceTree = "<group>"; };
		4BA2B8EF21A71138004D8882 /* Base */ = {isa = PBXFileReference; lastKnownFileType = file.storyboard; name = Base; path = Base.lproj/LaunchScreen.storyboard; sourceTree = "<group>"; };
		4BA2B8F121A71138004D8882 /* Info.plist */ = {isa = PBXFileReference; lastKnownFileType = text.plist.xml; path = Info.plist; sourceTree = "<group>"; };
		4BA2B8F721A8B7EF004D8882 /* MemeMeStruct.swift */ = {isa = PBXFileReference; lastKnownFileType = sourcecode.swift; path = MemeMeStruct.swift; sourceTree = "<group>"; };
/* End PBXFileReference section */

/* Begin PBXFrameworksBuildPhase section */
		4BA2B8DF21A71135004D8882 /* Frameworks */ = {
			isa = PBXFrameworksBuildPhase;
			buildActionMask = 2147483647;
			files = (
			);
			runOnlyForDeploymentPostprocessing = 0;
		};
/* End PBXFrameworksBuildPhase section */

/* Begin PBXGroup section */
		4BA2B8D921A71135004D8882 = {
			isa = PBXGroup;
			children = (
				4BA2B8E421A71135004D8882 /* MemeMe */,
				4BA2B8E321A71135004D8882 /* Products */,
			);
			sourceTree = "<group>";
		};
		4BA2B8E321A71135004D8882 /* Products */ = {
			isa = PBXGroup;
			children = (
				4BA2B8E221A71135004D8882 /* MemeMe.app */,
			);
			name = Products;
			sourceTree = "<group>";
		};
		4BA2B8E421A71135004D8882 /* MemeMe */ = {
			isa = PBXGroup;
			children = (
				4BB1FEFB21D51DB8002B39D8 /* View */,
				4BB1FEFA21D51D98002B39D8 /* Model */,
				4BB1FEF921D23F61002B39D8 /* Controller */,
				4BA2B8E521A71135004D8882 /* AppDelegate.swift */,
				4BA2B8E921A71135004D8882 /* Main.storyboard */,
				4BA2B8EC21A71138004D8882 /* Assets.xcassets */,
				4BA2B8EE21A71138004D8882 /* LaunchScreen.storyboard */,
				4BA2B8F121A71138004D8882 /* Info.plist */,
			);
			path = MemeMe;
			sourceTree = "<group>";
		};
		4BB1FEF921D23F61002B39D8 /* Controller */ = {
			isa = PBXGroup;
			children = (
				4B5B048821BB7D3700803CD5 /* MemeTableViewController.swift */,
				4BA2B8E721A71135004D8882 /* MemeEditorViewController.swift */,
				4B5B048A21BB7DC100803CD5 /* MemeCollectionViewController.swift */,
				4B7C640621D0C0870081943F /* MemeDetailViewController.swift */,
			);
			path = Controller;
			sourceTree = "<group>";
		};
		4BB1FEFA21D51D98002B39D8 /* Model */ = {
			isa = PBXGroup;
			children = (
				4BA2B8F721A8B7EF004D8882 /* MemeMeStruct.swift */,
			);
			path = Model;
			sourceTree = "<group>";
		};
		4BB1FEFB21D51DB8002B39D8 /* View */ = {
			isa = PBXGroup;
			children = (
				4B474AFC21C26DE00042CEAF /* MemeCollectionViewCell.swift */,
				4B5B049021C264E100803CD5 /* MemeTableViewCell.swift */,
			);
			path = View;
			sourceTree = "<group>";
		};
/* End PBXGroup section */

/* Begin PBXNativeTarget section */
		4BA2B8E121A71135004D8882 /* MemeMe */ = {
			isa = PBXNativeTarget;
			buildConfigurationList = 4BA2B8F421A71138004D8882 /* Build configuration list for PBXNativeTarget "MemeMe" */;
			buildPhases = (
				4BA2B8DE21A71135004D8882 /* Sources */,
				4BA2B8DF21A71135004D8882 /* Frameworks */,
				4BA2B8E021A71135004D8882 /* Resources */,
			);
			buildRules = (
			);
			dependencies = (
			);
			name = MemeMe;
			productName = MemeMe;
			productReference = 4BA2B8E221A71135004D8882 /* MemeMe.app */;
			productType = "com.apple.product-type.application";
		};
/* End PBXNativeTarget section */

/* Begin PBXProject section */
		4BA2B8DA21A71135004D8882 /* Project object */ = {
			isa = PBXProject;
			attributes = {
				LastSwiftUpdateCheck = 1010;
				LastUpgradeCheck = 1200;
				ORGANIZATIONNAME = "Abdulaziz Alobaili";
				TargetAttributes = {
					4BA2B8E121A71135004D8882 = {
						CreatedOnToolsVersion = 10.1;
						LastSwiftMigration = 1200;
					};
				};
			};
			buildConfigurationList = 4BA2B8DD21A71135004D8882 /* Build configuration list for PBXProject "MemeMe" */;
			compatibilityVersion = "Xcode 9.3";
			developmentRegion = en;
			hasScannedForEncodings = 0;
			knownRegions = (
				en,
				Base,
			);
			mainGroup = 4BA2B8D921A71135004D8882;
			productRefGroup = 4BA2B8E321A71135004D8882 /* Products */;
			projectDirPath = "";
			projectRoot = "";
			targets = (
				4BA2B8E121A71135004D8882 /* MemeMe */,
			);
		};
/* End PBXProject section */

/* Begin PBXResourcesBuildPhase section */
		4BA2B8E021A71135004D8882 /* Resources */ = {
			isa = PBXResourcesBuildPhase;
			buildActionMask = 2147483647;
			files = (
				4BA2B8F021A71138004D8882 /* LaunchScreen.storyboard in Resources */,
				4BA2B8ED21A71138004D8882 /* Assets.xcassets in Resources */,
				4BA2B8EB21A71135004D8882 /* Main.storyboard in Resources */,
			);
			runOnlyForDeploymentPostprocessing = 0;
		};
/* End PBXResourcesBuildPhase section */

/* Begin PBXSourcesBuildPhase section */
		4BA2B8DE21A71135004D8882 /* Sources */ = {
			isa = PBXSourcesBuildPhase;
			buildActionMask = 2147483647;
			files = (
				4BA2B8F821A8B7EF004D8882 /* MemeMeStruct.swift in Sources */,
				4BA2B8E821A71135004D8882 /* MemeEditorViewController.swift in Sources */,
				4B5B048B21BB7DC100803CD5 /* MemeCollectionViewController.swift in Sources */,
				4B5B049121C264E100803CD5 /* MemeTableViewCell.swift in Sources */,
				4B474AFD21C26DE00042CEAF /* MemeCollectionViewCell.swift in Sources */,
				4BA2B8E621A71135004D8882 /* AppDelegate.swift in Sources */,
				4B5B048921BB7D3700803CD5 /* MemeTableViewController.swift in Sources */,
				4B7C640721D0C0870081943F /* MemeDetailViewController.swift in Sources */,
			);
			runOnlyForDeploymentPostprocessing = 0;
		};
/* End PBXSourcesBuildPhase section */

/* Begin PBXVariantGroup section */
		4BA2B8E921A71135004D8882 /* Main.storyboard */ = {
			isa = PBXVariantGroup;
			children = (
				4BA2B8EA21A71135004D8882 /* Base */,
			);
			name = Main.storyboard;
			sourceTree = "<group>";
		};
		4BA2B8EE21A71138004D8882 /* LaunchScreen.storyboard */ = {
			isa = PBXVariantGroup;
			children = (
				4BA2B8EF21A71138004D8882 /* Base */,
			);
			name = LaunchScreen.storyboard;
			sourceTree = "<group>";
		};
/* End PBXVariantGroup section */

/* Begin XCBuildConfiguration section */
		4BA2B8F221A71138004D8882 /* Debug */ = {
			isa = XCBuildConfiguration;
			buildSettings = {
				ALWAYS_SEARCH_USER_PATHS = NO;
				CLANG_ANALYZER_NONNULL = YES;
				CLANG_ANALYZER_NUMBER_OBJECT_CONVERSION = YES_AGGRESSIVE;
				CLANG_CXX_LANGUAGE_STANDARD = "gnu++14";
				CLANG_CXX_LIBRARY = "libc++";
				CLANG_ENABLE_MODULES = YES;
				CLANG_ENABLE_OBJC_ARC = YES;
				CLANG_ENABLE_OBJC_WEAK = YES;
				CLANG_WARN_BLOCK_CAPTURE_AUTORELEASING = YES;
				CLANG_WARN_BOOL_CONVERSION = YES;
				CLANG_WARN_COMMA = YES;
				CLANG_WARN_CONSTANT_CONVERSION = YES;
				CLANG_WARN_DEPRECATED_OBJC_IMPLEMENTATIONS = YES;
				CLANG_WARN_DIRECT_OBJC_ISA_USAGE = YES_ERROR;
				CLANG_WARN_DOCUMENTATION_COMMENTS = YES;
				CLANG_WARN_EMPTY_BODY = YES;
				CLANG_WARN_ENUM_CONVERSION = YES;
				CLANG_WARN_INFINITE_RECURSION = YES;
				CLANG_WARN_INT_CONVERSION = YES;
				CLANG_WARN_NON_LITERAL_NULL_CONVERSION = YES;
				CLANG_WARN_OBJC_IMPLICIT_RETAIN_SELF = YES;
				CLANG_WARN_OBJC_LITERAL_CONVERSION = YES;
				CLANG_WARN_OBJC_ROOT_CLASS = YES_ERROR;
				CLANG_WARN_QUOTED_INCLUDE_IN_FRAMEWORK_HEADER = YES;
				CLANG_WARN_RANGE_LOOP_ANALYSIS = YES;
				CLANG_WARN_STRICT_PROTOTYPES = YES;
				CLANG_WARN_SUSPICIOUS_MOVE = YES;
				CLANG_WARN_UNGUARDED_AVAILABILITY = YES_AGGRESSIVE;
				CLANG_WARN_UNREACHABLE_CODE = YES;
				CLANG_WARN__DUPLICATE_METHOD_MATCH = YES;
				CODE_SIGN_IDENTITY = "iPhone Developer";
				COPY_PHASE_STRIP = NO;
				DEBUG_INFORMATION_FORMAT = dwarf;
				ENABLE_STRICT_OBJC_MSGSEND = YES;
				ENABLE_TESTABILITY = YES;
				GCC_C_LANGUAGE_STANDARD = gnu11;
				GCC_DYNAMIC_NO_PIC = NO;
				GCC_NO_COMMON_BLOCKS = YES;
				GCC_OPTIMIZATION_LEVEL = 0;
				GCC_PREPROCESSOR_DEFINITIONS = (
					"DEBUG=1",
					"$(inherited)",
				);
				GCC_WARN_64_TO_32_BIT_CONVERSION = YES;
				GCC_WARN_ABOUT_RETURN_TYPE = YES_ERROR;
				GCC_WARN_UNDECLARED_SELECTOR = YES;
				GCC_WARN_UNINITIALIZED_AUTOS = YES_AGGRESSIVE;
				GCC_WARN_UNUSED_FUNCTION = YES;
				GCC_WARN_UNUSED_VARIABLE = YES;
				IPHONEOS_DEPLOYMENT_TARGET = 12.1;
				MTL_ENABLE_DEBUG_INFO = INCLUDE_SOURCE;
				MTL_FAST_MATH = YES;
				ONLY_ACTIVE_ARCH = YES;
				SDKROOT = iphoneos;
				SWIFT_ACTIVE_COMPILATION_CONDITIONS = DEBUG;
				SWIFT_OPTIMIZATION_LEVEL = "-Onone";
			};
			name = Debug;
		};
		4BA2B8F321A71138004D8882 /* Release */ = {
			isa = XCBuildConfiguration;
			buildSettings = {
				ALWAYS_SEARCH_USER_PATHS = NO;
				CLANG_ANALYZER_NONNULL = YES;
				CLANG_ANALYZER_NUMBER_OBJECT_CONVERSION = YES_AGGRESSIVE;
				CLANG_CXX_LANGUAGE_STANDARD = "gnu++14";
				CLANG_CXX_LIBRARY = "libc++";
				CLANG_ENABLE_MODULES = YES;
				CLANG_ENABLE_OBJC_ARC = YES;
				CLANG_ENABLE_OBJC_WEAK = YES;
				CLANG_WARN_BLOCK_CAPTURE_AUTORELEASING = YES;
				CLANG_WARN_BOOL_CONVERSION = YES;
				CLANG_WARN_COMMA = YES;
				CLANG_WARN_CONSTANT_CONVERSION = YES;
				CLANG_WARN_DEPRECATED_OBJC_IMPLEMENTATIONS = YES;
				CLANG_WARN_DIRECT_OBJC_ISA_USAGE = YES_ERROR;
				CLANG_WARN_DOCUMENTATION_COMMENTS = YES;
				CLANG_WARN_EMPTY_BODY = YES;
				CLANG_WARN_ENUM_CONVERSION = YES;
				CLANG_WARN_INFINITE_RECURSION = YES;
				CLANG_WARN_INT_CONVERSION = YES;
				CLANG_WARN_NON_LITERAL_NULL_CONVERSION = YES;
				CLANG_WARN_OBJC_IMPLICIT_RETAIN_SELF = YES;
				CLANG_WARN_OBJC_LITERAL_CONVERSION = YES;
				CLANG_WARN_OBJC_ROOT_CLASS = YES_ERROR;
				CLANG_WARN_QUOTED_INCLUDE_IN_FRAMEWORK_HEADER = YES;
				CLANG_WARN_RANGE_LOOP_ANALYSIS = YES;
				CLANG_WARN_STRICT_PROTOTYPES = YES;
				CLANG_WARN_SUSPICIOUS_MOVE = YES;
				CLANG_WARN_UNGUARDED_AVAILABILITY = YES_AGGRESSIVE;
				CLANG_WARN_UNREACHABLE_CODE = YES;
				CLANG_WARN__DUPLICATE_METHOD_MATCH = YES;
				CODE_SIGN_IDENTITY = "iPhone Developer";
				COPY_PHASE_STRIP = NO;
				DEBUG_INFORMATION_FORMAT = "dwarf-with-dsym";
				ENABLE_NS_ASSERTIONS = NO;
				ENABLE_STRICT_OBJC_MSGSEND = YES;
				GCC_C_LANGUAGE_STANDARD = gnu11;
				GCC_NO_COMMON_BLOCKS = YES;
				GCC_WARN_64_TO_32_BIT_CONVERSION = YES;
				GCC_WARN_ABOUT_RETURN_TYPE = YES_ERROR;
				GCC_WARN_UNDECLARED_SELECTOR = YES;
				GCC_WARN_UNINITIALIZED_AUTOS = YES_AGGRESSIVE;
				GCC_WARN_UNUSED_FUNCTION = YES;
				GCC_WARN_UNUSED_VARIABLE = YES;
				IPHONEOS_DEPLOYMENT_TARGET = 12.1;
				MTL_ENABLE_DEBUG_INFO = NO;
				MTL_FAST_MATH = YES;
				SDKROOT = iphoneos;
				SWIFT_COMPILATION_MODE = wholemodule;
				SWIFT_OPTIMIZATION_LEVEL = "-O";
				VALIDATE_PRODUCT = YES;
			};
			name = Release;
		};
		4BA2B8F521A71138004D8882 /* Debug */ = {
			isa = XCBuildConfiguration;
			buildSettings = {
				ASSETCATALOG_COMPILER_APPICON_NAME = AppIcon;
				CODE_SIGN_STYLE = Automatic;
				DEVELOPMENT_TEAM = NCT5DLQUJC;
				INFOPLIST_FILE = MemeMe/Info.plist;
				LD_RUNPATH_SEARCH_PATHS = (
					"$(inherited)",
					"@executable_path/Frameworks",
				);
				PRODUCT_BUNDLE_IDENTIFIER = com.abdulazizalobaili.MemeMe;
				PRODUCT_NAME = "$(TARGET_NAME)";
				SWIFT_VERSION = 5.0;
				TARGETED_DEVICE_FAMILY = "1,2";
			};
			name = Debug;
		};
		4BA2B8F621A71138004D8882 /* Release */ = {
			isa = XCBuildConfiguration;
			buildSettings = {
				ASSETCATALOG_COMPILER_APPICON_NAME = AppIcon;
				CODE_SIGN_STYLE = Automatic;
				DEVELOPMENT_TEAM = NCT5DLQUJC;
				INFOPLIST_FILE = MemeMe/Info.plist;
				LD_RUNPATH_SEARCH_PATHS = (
					"$(inherited)",
					"@executable_path/Frameworks",
				);
				PRODUCT_BUNDLE_IDENTIFIER = com.abdulazizalobaili.MemeMe;
				PRODUCT_NAME = "$(TARGET_NAME)";
				SWIFT_VERSION = 5.0;
				TARGETED_DEVICE_FAMILY = "1,2";
			};
			name = Release;
		};
/* End XCBuildConfiguration section */

/* Begin XCConfigurationList section */
		4BA2B8DD21A71135004D8882 /* Build configuration list for PBXProject "MemeMe" */ = {
			isa = XCConfigurationList;
			buildConfigurations = (
				4BA2B8F221A71138004D8882 /* Debug */,
				4BA2B8F321A71138004D8882 /* Release */,
			);
			defaultConfigurationIsVisible = 0;
			defaultConfigurationName = Release;
		};
		4BA2B8F421A71138004D8882 /* Build configuration list for PBXNativeTarget "MemeMe" */ = {
			isa = XCConfigurationList;
			buildConfigurations = (
				4BA2B8F521A71138004D8882 /* Debug */,
				4BA2B8F621A71138004D8882 /* Release */,
			);
			defaultConfigurationIsVisible = 0;
			defaultConfigurationName = Release;
		};
/* End XCConfigurationList section */
	};
	rootObject = 4BA2B8DA21A71135004D8882 /* Project object */;
}
